
Microsoft Visual Studio Solution File, Format Version 12.00
# Visual Studio Version 16
VisualStudioVersion = 16.0.32106.194
MinimumVisualStudioVersion = 10.0.40219.1
Project("{FAE04EC0-301F-11D3-BF4B-00C04F79EFBC}") = "Functions", "Functions\Functions.csproj", "{2CA2533A-0EF0-4387-BF13-2E1ED48E7099}"
EndProject
Project("{FAE04EC0-301F-11D3-BF4B-00C04F79EFBC}") = "UserNameData", "UserNameData\UserNameData.csproj", "{86207052-F8F3-4B5C-A984-5048562C82DB}"
EndProject
Project("{FAE04EC0-301F-11D3-BF4B-00C04F79EFBC}") = "UserNameDataTask", "UserNameDataTask\UserNameDataTask.csproj", "{C8ED8948-CCFA-4E5D-A384-5C1679F1E143}"
EndProject
Global
	GlobalSection(SolutionConfigurationPlatforms) = preSolution
		Debug|Any CPU = Debug|Any CPU
		Release|Any CPU = Release|Any CPU
	EndGlobalSection
	GlobalSection(ProjectConfigurationPlatforms) = postSolution
		{2CA2533A-0EF0-4387-BF13-2E1ED48E7099}.Debug|Any CPU.ActiveCfg = Debug|Any CPU
		{2CA2533A-0EF0-4387-BF13-2E1ED48E7099}.Debug|Any CPU.Build.0 = Debug|Any CPU
		{2CA2533A-0EF0-4387-BF13-2E1ED48E7099}.Release|Any CPU.ActiveCfg = Release|Any CPU
		{2CA2533A-0EF0-4387-BF13-2E1ED48E7099}.Release|Any CPU.Build.0 = Release|Any CPU
		{86207052-F8F3-4B5C-A984-5048562C82DB}.Debug|Any CPU.ActiveCfg = Debug|Any CPU
		{86207052-F8F3-4B5C-A984-5048562C82DB}.Debug|Any CPU.Build.0 = Debug|Any CPU
		{86207052-F8F3-4B5C-A984-5048562C82DB}.Release|Any CPU.ActiveCfg = Release|Any CPU
		{86207052-F8F3-4B5C-A984-5048562C82DB}.Release|Any CPU.Build.0 = Release|Any CPU
		{C8ED8948-CCFA-4E5D-A384-5C1679F1E143}.Debug|Any CPU.ActiveCfg = Debug|Any CPU
		{C8ED8948-CCFA-4E5D-A384-5C1679F1E143}.Debug|Any CPU.Build.0 = Debug|Any CPU
		{C8ED8948-CCFA-4E5D-A384-5C1679F1E143}.Release|Any CPU.ActiveCfg = Release|Any CPU
		{C8ED8948-CCFA-4E5D-A384-5C1679F1E143}.Release|Any CPU.Build.0 = Release|Any CPU
	EndGlobalSection
	GlobalSection(SolutionProperties) = preSolution
		HideSolutionNode = FALSE
	EndGlobalSection
	GlobalSection(ExtensibilityGlobals) = postSolution
		SolutionGuid = {54AB5C59-FD01-4421-B8F0-C5C648535EA0}
	EndGlobalSection
EndGlobal
